// !$*UTF8*$!
{
	archiveVersion = 1;
	classes = {
	};
	objectVersion = 46;
	objects = {

/* Begin PBXBuildFile section */
		2CC31B1F195E6E39006A6707 /* Foundation.framework in Frameworks */ = {isa = PBXBuildFile; fileRef = 2CC31B1E195E6E39006A6707 /* Foundation.framework */; };
		2CC31B21195E6E39006A6707 /* CoreGraphics.framework in Frameworks */ = {isa = PBXBuildFile; fileRef = 2CC31B20195E6E39006A6707 /* CoreGraphics.framework */; };
		2CC31B23195E6E39006A6707 /* UIKit.framework in Frameworks */ = {isa = PBXBuildFile; fileRef = 2CC31B22195E6E39006A6707 /* UIKit.framework */; };
		2CC31B25195E6E39006A6707 /* CoreData.framework in Frameworks */ = {isa = PBXBuildFile; fileRef = 2CC31B24195E6E39006A6707 /* CoreData.framework */; };
		2CC31B2B195E6E39006A6707 /* InfoPlist.strings in Resources */ = {isa = PBXBuildFile; fileRef = 2CC31B29195E6E39006A6707 /* InfoPlist.strings */; };
		2CC31B2D195E6E39006A6707 /* main.m in Sources */ = {isa = PBXBuildFile; fileRef = 2CC31B2C195E6E39006A6707 /* main.m */; };
		2CC31B31195E6E39006A6707 /* AppDelegate.m in Sources */ = {isa = PBXBuildFile; fileRef = 2CC31B30195E6E39006A6707 /* AppDelegate.m */; };
		2CC31B34195E6E39006A6707 /* Youngcatalog.xcdatamodeld in Sources */ = {isa = PBXBuildFile; fileRef = 2CC31B32195E6E39006A6707 /* Youngcatalog.xcdatamodeld */; };
		2CC31B36195E6E39006A6707 /* Images.xcassets in Resources */ = {isa = PBXBuildFile; fileRef = 2CC31B35195E6E39006A6707 /* Images.xcassets */; };
		2CC31B3D195E6E39006A6707 /* XCTest.framework in Frameworks */ = {isa = PBXBuildFile; fileRef = 2CC31B3C195E6E39006A6707 /* XCTest.framework */; };
		2CC31B3E195E6E39006A6707 /* Foundation.framework in Frameworks */ = {isa = PBXBuildFile; fileRef = 2CC31B1E195E6E39006A6707 /* Foundation.framework */; };
		2CC31B3F195E6E39006A6707 /* UIKit.framework in Frameworks */ = {isa = PBXBuildFile; fileRef = 2CC31B22195E6E39006A6707 /* UIKit.framework */; };
		2CC31B40195E6E39006A6707 /* CoreData.framework in Frameworks */ = {isa = PBXBuildFile; fileRef = 2CC31B24195E6E39006A6707 /* CoreData.framework */; };
		2CC31B48195E6E3A006A6707 /* InfoPlist.strings in Resources */ = {isa = PBXBuildFile; fileRef = 2CC31B46195E6E3A006A6707 /* InfoPlist.strings */; };
		2CC31B4A195E6E3A006A6707 /* YoungcatalogTests.m in Sources */ = {isa = PBXBuildFile; fileRef = 2CC31B49195E6E3A006A6707 /* YoungcatalogTests.m */; };
/* End PBXBuildFile section */

/* Begin PBXContainerItemProxy section */
		2CC31B41195E6E39006A6707 /* PBXContainerItemProxy */ = {
			isa = PBXContainerItemProxy;
			containerPortal = 2CC31B13195E6E39006A6707 /* Project object */;
			proxyType = 1;
			remoteGlobalIDString = 2CC31B1A195E6E39006A6707;
			remoteInfo = Youngcatalog;
		};
/* End PBXContainerItemProxy section */

/* Begin PBXFileReference section */
		2CC31B1B195E6E39006A6707 /* Youngcatalog.app */ = {isa = PBXFileReference; explicitFileType = wrapper.application; includeInIndex = 0; path = Youngcatalog.app; sourceTree = BUILT_PRODUCTS_DIR; };
		2CC31B1E195E6E39006A6707 /* Foundation.framework */ = {isa = PBXFileReference; lastKnownFileType = wrapper.framework; name = Foundation.framework; path = System/Library/Frameworks/Foundation.framework; sourceTree = SDKROOT; };
		2CC31B20195E6E39006A6707 /* CoreGraphics.framework */ = {isa = PBXFileReference; lastKnownFileType = wrapper.framework; name = CoreGraphics.framework; path = System/Library/Frameworks/CoreGraphics.framework; sourceTree = SDKROOT; };
		2CC31B22195E6E39006A6707 /* UIKit.framework */ = {isa = PBXFileReference; lastKnownFileType = wrapper.framework; name = UIKit.framework; path = System/Library/Frameworks/UIKit.framework; sourceTree = SDKROOT; };
		2CC31B24195E6E39006A6707 /* CoreData.framework */ = {isa = PBXFileReference; lastKnownFileType = wrapper.framework; name = CoreData.framework; path = System/Library/Frameworks/CoreData.framework; sourceTree = SDKROOT; };
		2CC31B28195E6E39006A6707 /* Youngcatalog-Info.plist */ = {isa = PBXFileReference; lastKnownFileType = text.plist.xml; path = "Youngcatalog-Info.plist"; sourceTree = "<group>"; };
		2CC31B2A195E6E39006A6707 /* en */ = {isa = PBXFileReference; lastKnownFileType = text.plist.strings; name = en; path = en.lproj/InfoPlist.strings; sourceTree = "<group>"; };
		2CC31B2C195E6E39006A6707 /* main.m */ = {isa = PBXFileReference; lastKnownFileType = sourcecode.c.objc; path = main.m; sourceTree = "<group>"; };
		2CC31B2E195E6E39006A6707 /* Youngcatalog-Prefix.pch */ = {isa = PBXFileReference; lastKnownFileType = sourcecode.c.h; path = "Youngcatalog-Prefix.pch"; sourceTree = "<group>"; };
		2CC31B2F195E6E39006A6707 /* AppDelegate.h */ = {isa = PBXFileReference; lastKnownFileType = sourcecode.c.h; path = AppDelegate.h; sourceTree = "<group>"; };
		2CC31B30195E6E39006A6707 /* AppDelegate.m */ = {isa = PBXFileReference; lastKnownFileType = sourcecode.c.objc; path = AppDelegate.m; sourceTree = "<group>"; };
		2CC31B33195E6E39006A6707 /* Youngcatalog.xcdatamodel */ = {isa = PBXFileReference; lastKnownFileType = wrapper.xcdatamodel; path = Youngcatalog.xcdatamodel; sourceTree = "<group>"; };
		2CC31B35195E6E39006A6707 /* Images.xcassets */ = {isa = PBXFileReference; lastKnownFileType = folder.assetcatalog; path = Images.xcassets; sourceTree = "<group>"; };
		2CC31B3B195E6E39006A6707 /* YoungcatalogTests.xctest */ = {isa = PBXFileReference; explicitFileType = wrapper.cfbundle; includeInIndex = 0; path = YoungcatalogTests.xctest; sourceTree = BUILT_PRODUCTS_DIR; };
		2CC31B3C195E6E39006A6707 /* XCTest.framework */ = {isa = PBXFileReference; lastKnownFileType = wrapper.framework; name = XCTest.framework; path = Library/Frameworks/XCTest.framework; sourceTree = DEVELOPER_DIR; };
		2CC31B45195E6E3A006A6707 /* YoungcatalogTests-Info.plist */ = {isa = PBXFileReference; lastKnownFileType = text.plist.xml; path = "YoungcatalogTests-Info.plist"; sourceTree = "<group>"; };
		2CC31B47195E6E3A006A6707 /* en */ = {isa = PBXFileReference; lastKnownFileType = text.plist.strings; name = en; path = en.lproj/InfoPlist.strings; sourceTree = "<group>"; };
		2CC31B49195E6E3A006A6707 /* YoungcatalogTests.m */ = {isa = PBXFileReference; lastKnownFileType = sourcecode.c.objc; path = YoungcatalogTests.m; sourceTree = "<group>"; };
/* End PBXFileReference section */

/* Begin PBXFrameworksBuildPhase section */
		2CC31B18195E6E39006A6707 /* Frameworks */ = {
			isa = PBXFrameworksBuildPhase;
			buildActionMask = 2147483647;
			files = (
				2CC31B21195E6E39006A6707 /* CoreGraphics.framework in Frameworks */,
				2CC31B25195E6E39006A6707 /* CoreData.framework in Frameworks */,
				2CC31B23195E6E39006A6707 /* UIKit.framework in Frameworks */,
				2CC31B1F195E6E39006A6707 /* Foundation.framework in Frameworks */,
			);
			runOnlyForDeploymentPostprocessing = 0;
		};
		2CC31B38195E6E39006A6707 /* Frameworks */ = {
			isa = PBXFrameworksBuildPhase;
			buildActionMask = 2147483647;
			files = (
				2CC31B3D195E6E39006A6707 /* XCTest.framework in Frameworks */,
				2CC31B40195E6E39006A6707 /* CoreData.framework in Frameworks */,
				2CC31B3F195E6E39006A6707 /* UIKit.framework in Frameworks */,
				2CC31B3E195E6E39006A6707 /* Foundation.framework in Frameworks */,
			);
			runOnlyForDeploymentPostprocessing = 0;
		};
/* End PBXFrameworksBuildPhase section */

/* Begin PBXGroup section */
		2CC31B12195E6E39006A6707 = {
			isa = PBXGroup;
			children = (
				2CC31B26195E6E39006A6707 /* Youngcatalog */,
				2CC31B43195E6E3A006A6707 /* YoungcatalogTests */,
				2CC31B1D195E6E39006A6707 /* Frameworks */,
				2CC31B1C195E6E39006A6707 /* Products */,
			);
			sourceTree = "<group>";
		};
		2CC31B1C195E6E39006A6707 /* Products */ = {
			isa = PBXGroup;
			children = (
				2CC31B1B195E6E39006A6707 /* Youngcatalog.app */,
				2CC31B3B195E6E39006A6707 /* YoungcatalogTests.xctest */,
			);
			name = Products;
			sourceTree = "<group>";
		};
		2CC31B1D195E6E39006A6707 /* Frameworks */ = {
			isa = PBXGroup;
			children = (
				2CC31B1E195E6E39006A6707 /* Foundation.framework */,
				2CC31B20195E6E39006A6707 /* CoreGraphics.framework */,
				2CC31B22195E6E39006A6707 /* UIKit.framework */,
				2CC31B24195E6E39006A6707 /* CoreData.framework */,
				2CC31B3C195E6E39006A6707 /* XCTest.framework */,
			);
			name = Frameworks;
			sourceTree = "<group>";
		};
		2CC31B26195E6E39006A6707 /* Youngcatalog */ = {
			isa = PBXGroup;
			children = (
				2CC31B2F195E6E39006A6707 /* AppDelegate.h */,
				2CC31B30195E6E39006A6707 /* AppDelegate.m */,
				2CC31B35195E6E39006A6707 /* Images.xcassets */,
				2CC31B32195E6E39006A6707 /* Youngcatalog.xcdatamodeld */,
				2CC31B27195E6E39006A6707 /* Supporting Files */,
			);
			path = Youngcatalog;
			sourceTree = "<group>";
		};
		2CC31B27195E6E39006A6707 /* Supporting Files */ = {
			isa = PBXGroup;
			children = (
				2CC31B28195E6E39006A6707 /* Youngcatalog-Info.plist */,
				2CC31B29195E6E39006A6707 /* InfoPlist.strings */,
				2CC31B2C195E6E39006A6707 /* main.m */,
				2CC31B2E195E6E39006A6707 /* Youngcatalog-Prefix.pch */,
			);
			name = "Supporting Files";
			sourceTree = "<group>";
		};
		2CC31B43195E6E3A006A6707 /* YoungcatalogTests */ = {
			isa = PBXGroup;
			children = (
				2CC31B49195E6E3A006A6707 /* YoungcatalogTests.m */,
				2CC31B44195E6E3A006A6707 /* Supporting Files */,
			);
			path = YoungcatalogTests;
			sourceTree = "<group>";
		};
		2CC31B44195E6E3A006A6707 /* Supporting Files */ = {
			isa = PBXGroup;
			children = (
				2CC31B45195E6E3A006A6707 /* YoungcatalogTests-Info.plist */,
				2CC31B46195E6E3A006A6707 /* InfoPlist.strings */,
			);
			name = "Supporting Files";
			sourceTree = "<group>";
		};
/* End PBXGroup section */

/* Begin PBXNativeTarget section */
		2CC31B1A195E6E39006A6707 /* Youngcatalog */ = {
			isa = PBXNativeTarget;
			buildConfigurationList = 2CC31B4D195E6E3A006A6707 /* Build configuration list for PBXNativeTarget "Youngcatalog" */;
			buildPhases = (
				2CC31B17195E6E39006A6707 /* Sources */,
				2CC31B18195E6E39006A6707 /* Frameworks */,
				2CC31B19195E6E39006A6707 /* Resources */,
			);
			buildRules = (
			);
			dependencies = (
			);
			name = Youngcatalog;
			productName = Youngcatalog;
			productReference = 2CC31B1B195E6E39006A6707 /* Youngcatalog.app */;
			productType = "com.apple.product-type.application";
		};
		2CC31B3A195E6E39006A6707 /* YoungcatalogTests */ = {
			isa = PBXNativeTarget;
			buildConfigurationList = 2CC31B50195E6E3A006A6707 /* Build configuration list for PBXNativeTarget "YoungcatalogTests" */;
			buildPhases = (
				2CC31B37195E6E39006A6707 /* Sources */,
				2CC31B38195E6E39006A6707 /* Frameworks */,
				2CC31B39195E6E39006A6707 /* Resources */,
			);
			buildRules = (
			);
			dependencies = (
				2CC31B42195E6E39006A6707 /* PBXTargetDependency */,
			);
			name = YoungcatalogTests;
			productName = YoungcatalogTests;
			productReference = 2CC31B3B195E6E39006A6707 /* YoungcatalogTests.xctest */;
			productType = "com.apple.product-type.bundle.unit-test";
		};
/* End PBXNativeTarget section */

/* Begin PBXProject section */
		2CC31B13195E6E39006A6707 /* Project object */ = {
			isa = PBXProject;
			attributes = {
				LastUpgradeCheck = 0510;
				ORGANIZATIONNAME = "___FULLUSERNAME___";
				TargetAttributes = {
					2CC31B3A195E6E39006A6707 = {
						TestTargetID = 2CC31B1A195E6E39006A6707;
					};
				};
			};
			buildConfigurationList = 2CC31B16195E6E39006A6707 /* Build configuration list for PBXProject "Youngcatalog" */;
			compatibilityVersion = "Xcode 3.2";
			developmentRegion = English;
			hasScannedForEncodings = 0;
			knownRegions = (
				en,
			);
			mainGroup = 2CC31B12195E6E39006A6707;
			productRefGroup = 2CC31B1C195E6E39006A6707 /* Products */;
			projectDirPath = "";
			projectRoot = "";
			targets = (
				2CC31B1A195E6E39006A6707 /* Youngcatalog */,
				2CC31B3A195E6E39006A6707 /* YoungcatalogTests */,
			);
		};
/* End PBXProject section */

/* Begin PBXResourcesBuildPhase section */
		2CC31B19195E6E39006A6707 /* Resources */ = {
			isa = PBXResourcesBuildPhase;
			buildActionMask = 2147483647;
			files = (
				2CC31B2B195E6E39006A6707 /* InfoPlist.strings in Resources */,
				2CC31B36195E6E39006A6707 /* Images.xcassets in Resources */,
			);
			runOnlyForDeploymentPostprocessing = 0;
		};
		2CC31B39195E6E39006A6707 /* Resources */ = {
			isa = PBXResourcesBuildPhase;
			buildActionMask = 2147483647;
			files = (
				2CC31B48195E6E3A006A6707 /* InfoPlist.strings in Resources */,
			);
			runOnlyForDeploymentPostprocessing = 0;
		};
/* End PBXResourcesBuildPhase section */

/* Begin PBXSourcesBuildPhase section */
		2CC31B17195E6E39006A6707 /* Sources */ = {
			isa = PBXSourcesBuildPhase;
			buildActionMask = 2147483647;
			files = (
				2CC31B31195E6E39006A6707 /* AppDelegate.m in Sources */,
				2CC31B2D195E6E39006A6707 /* main.m in Sources */,
				2CC31B34195E6E39006A6707 /* Youngcatalog.xcdatamodeld in Sources */,
			);
			runOnlyForDeploymentPostprocessing = 0;
		};
		2CC31B37195E6E39006A6707 /* Sources */ = {
			isa = PBXSourcesBuildPhase;
			buildActionMask = 2147483647;
			files = (
				2CC31B4A195E6E3A006A6707 /* YoungcatalogTests.m in Sources */,
			);
			runOnlyForDeploymentPostprocessing = 0;
		};
/* End PBXSourcesBuildPhase section */

/* Begin PBXTargetDependency section */
		2CC31B42195E6E39006A6707 /* PBXTargetDependency */ = {
			isa = PBXTargetDependency;
			target = 2CC31B1A195E6E39006A6707 /* Youngcatalog */;
			targetProxy = 2CC31B41195E6E39006A6707 /* PBXContainerItemProxy */;
		};
/* End PBXTargetDependency section */

/* Begin PBXVariantGroup section */
		2CC31B29195E6E39006A6707 /* InfoPlist.strings */ = {
			isa = PBXVariantGroup;
			children = (
				2CC31B2A195E6E39006A6707 /* en */,
			);
			name = InfoPlist.strings;
			sourceTree = "<group>";
		};
		2CC31B46195E6E3A006A6707 /* InfoPlist.strings */ = {
			isa = PBXVariantGroup;
			children = (
				2CC31B47195E6E3A006A6707 /* en */,
			);
			name = InfoPlist.strings;
			sourceTree = "<group>";
		};
/* End PBXVariantGroup section */

/* Begin XCBuildConfiguration section */
		2CC31B4B195E6E3A006A6707 /* Debug */ = {
			isa = XCBuildConfiguration;
			buildSettings = {
				ALWAYS_SEARCH_USER_PATHS = NO;
				CLANG_CXX_LANGUAGE_STANDARD = "gnu++0x";
				CLANG_CXX_LIBRARY = "libc++";
				CLANG_ENABLE_MODULES = YES;
				CLANG_ENABLE_OBJC_ARC = YES;
				CLANG_WARN_BOOL_CONVERSION = YES;
				CLANG_WARN_CONSTANT_CONVERSION = YES;
				CLANG_WARN_DIRECT_OBJC_ISA_USAGE = YES_ERROR;
				CLANG_WARN_EMPTY_BODY = YES;
				CLANG_WARN_ENUM_CONVERSION = YES;
				CLANG_WARN_INT_CONVERSION = YES;
				CLANG_WARN_OBJC_ROOT_CLASS = YES_ERROR;
				CLANG_WARN__DUPLICATE_METHOD_MATCH = YES;
				"CODE_SIGN_IDENTITY[sdk=iphoneos*]" = "iPhone Developer";
				COPY_PHASE_STRIP = NO;
				GCC_C_LANGUAGE_STANDARD = gnu99;
				GCC_DYNAMIC_NO_PIC = NO;
				GCC_OPTIMIZATION_LEVEL = 0;
				GCC_PREPROCESSOR_DEFINITIONS = (
					"DEBUG=1",
					"$(inherited)",
				);
				GCC_SYMBOLS_PRIVATE_EXTERN = NO;
				GCC_WARN_64_TO_32_BIT_CONVERSION = YES;
				GCC_WARN_ABOUT_RETURN_TYPE = YES_ERROR;
				GCC_WARN_UNDECLARED_SELECTOR = YES;
				GCC_WARN_UNINITIALIZED_AUTOS = YES_AGGRESSIVE;
				GCC_WARN_UNUSED_FUNCTION = YES;
				GCC_WARN_UNUSED_VARIABLE = YES;
				IPHONEOS_DEPLOYMENT_TARGET = 7.1;
				ONLY_ACTIVE_ARCH = YES;
				SDKROOT = iphoneos;
			};
			name = Debug;
		};
		2CC31B4C195E6E3A006A6707 /* Release */ = {
			isa = XCBuildConfiguration;
			buildSettings = {
				ALWAYS_SEARCH_USER_PATHS = NO;
				CLANG_CXX_LANGUAGE_STANDARD = "gnu++0x";
				CLANG_CXX_LIBRARY = "libc++";
				CLANG_ENABLE_MODULES = YES;
				CLANG_ENABLE_OBJC_ARC = YES;
				CLANG_WARN_BOOL_CONVERSION = YES;
				CLANG_WARN_CONSTANT_CONVERSION = YES;
				CLANG_WARN_DIRECT_OBJC_ISA_USAGE = YES_ERROR;
				CLANG_WARN_EMPTY_BODY = YES;
				CLANG_WARN_ENUM_CONVERSION = YES;
				CLANG_WARN_INT_CONVERSION = YES;
				CLANG_WARN_OBJC_ROOT_CLASS = YES_ERROR;
				CLANG_WARN__DUPLICATE_METHOD_MATCH = YES;
				"CODE_SIGN_IDENTITY[sdk=iphoneos*]" = "iPhone Developer";
				COPY_PHASE_STRIP = YES;
				ENABLE_NS_ASSERTIONS = NO;
				GCC_C_LANGUAGE_STANDARD = gnu99;
				GCC_WARN_64_TO_32_BIT_CONVERSION = YES;
				GCC_WARN_ABOUT_RETURN_TYPE = YES_ERROR;
				GCC_WARN_UNDECLARED_SELECTOR = YES;
				GCC_WARN_UNINITIALIZED_AUTOS = YES_AGGRESSIVE;
				GCC_WARN_UNUSED_FUNCTION = YES;
				GCC_WARN_UNUSED_VARIABLE = YES;
				IPHONEOS_DEPLOYMENT_TARGET = 7.1;
				SDKROOT = iphoneos;
				VALIDATE_PRODUCT = YES;
			};
			name = Release;
		};
		2CC31B4E195E6E3A006A6707 /* Debug */ = {
			isa = XCBuildConfiguration;
			buildSettings = {
				ASSETCATALOG_COMPILER_APPICON_NAME = AppIcon;
				ASSETCATALOG_COMPILER_LAUNCHIMAGE_NAME = LaunchImage;
				GCC_PRECOMPILE_PREFIX_HEADER = YES;
				GCC_PREFIX_HEADER = "Youngcatalog/Youngcatalog-Prefix.pch";
				INFOPLIST_FILE = "Youngcatalog/Youngcatalog-Info.plist";
				PRODUCT_NAME = "$(TARGET_NAME)";
				WRAPPER_EXTENSION = app;
			};
			name = Debug;
		};
		2CC31B4F195E6E3A006A6707 /* Release */ = {
			isa = XCBuildConfiguration;
			buildSettings = {
				ASSETCATALOG_COMPILER_APPICON_NAME = AppIcon;
				ASSETCATALOG_COMPILER_LAUNCHIMAGE_NAME = LaunchImage;
				GCC_PRECOMPILE_PREFIX_HEADER = YES;
				GCC_PREFIX_HEADER = "Youngcatalog/Youngcatalog-Prefix.pch";
				INFOPLIST_FILE = "Youngcatalog/Youngcatalog-Info.plist";
				PRODUCT_NAME = "$(TARGET_NAME)";
				WRAPPER_EXTENSION = app;
			};
			name = Release;
		};
		2CC31B51195E6E3A006A6707 /* Debug */ = {
			isa = XCBuildConfiguration;
			buildSettings = {
				BUNDLE_LOADER = "$(BUILT_PRODUCTS_DIR)/Youngcatalog.app/Youngcatalog";
				FRAMEWORK_SEARCH_PATHS = (
					"$(SDKROOT)/Developer/Library/Frameworks",
					"$(inherited)",
					"$(DEVELOPER_FRAMEWORKS_DIR)",
				);
				GCC_PRECOMPILE_PREFIX_HEADER = YES;
				GCC_PREFIX_HEADER = "Youngcatalog/Youngcatalog-Prefix.pch";
				GCC_PREPROCESSOR_DEFINITIONS = (
					"DEBUG=1",
					"$(inherited)",
				);
				INFOPLIST_FILE = "YoungcatalogTests/YoungcatalogTests-Info.plist";
				PRODUCT_NAME = "$(TARGET_NAME)";
				TEST_HOST = "$(BUNDLE_LOADER)";
				WRAPPER_EXTENSION = xctest;
			};
			name = Debug;
		};
		2CC31B52195E6E3A006A6707 /* Release */ = {
			isa = XCBuildConfiguration;
			buildSettings = {
				BUNDLE_LOADER = "$(BUILT_PRODUCTS_DIR)/Youngcatalog.app/Youngcatalog";
				FRAMEWORK_SEARCH_PATHS = (
					"$(SDKROOT)/Developer/Library/Frameworks",
					"$(inherited)",
					"$(DEVELOPER_FRAMEWORKS_DIR)",
				);
				GCC_PRECOMPILE_PREFIX_HEADER = YES;
				GCC_PREFIX_HEADER = "Youngcatalog/Youngcatalog-Prefix.pch";
				INFOPLIST_FILE = "YoungcatalogTests/YoungcatalogTests-Info.plist";
				PRODUCT_NAME = "$(TARGET_NAME)";
				TEST_HOST = "$(BUNDLE_LOADER)";
				WRAPPER_EXTENSION = xctest;
			};
			name = Release;
		};
/* End XCBuildConfiguration section */

/* Begin XCConfigurationList section */
		2CC31B16195E6E39006A6707 /* Build configuration list for PBXProject "Youngcatalog" */ = {
			isa = XCConfigurationList;
			buildConfigurations = (
				2CC31B4B195E6E3A006A6707 /* Debug */,
				2CC31B4C195E6E3A006A6707 /* Release */,
			);
			defaultConfigurationIsVisible = 0;
			defaultConfigurationName = Release;
		};
		2CC31B4D195E6E3A006A6707 /* Build configuration list for PBXNativeTarget "Youngcatalog" */ = {
			isa = XCConfigurationList;
			buildConfigurations = (
				2CC31B4E195E6E3A006A6707 /* Debug */,
				2CC31B4F195E6E3A006A6707 /* Release */,
			);
			defaultConfigurationIsVisible = 0;
		};
		2CC31B50195E6E3A006A6707 /* Build configuration list for PBXNativeTarget "YoungcatalogTests" */ = {
			isa = XCConfigurationList;
			buildConfigurations = (
				2CC31B51195E6E3A006A6707 /* Debug */,
				2CC31B52195E6E3A006A6707 /* Release */,
			);
			defaultConfigurationIsVisible = 0;
		};
/* End XCConfigurationList section */

/* Begin XCVersionGroup section */
		2CC31B32195E6E39006A6707 /* Youngcatalog.xcdatamodeld */ = {
			isa = XCVersionGroup;
			children = (
				2CC31B33195E6E39006A6707 /* Youngcatalog.xcdatamodel */,
			);
			currentVersion = 2CC31B33195E6E39006A6707 /* Youngcatalog.xcdatamodel */;
			path = Youngcatalog.xcdatamodeld;
			sourceTree = "<group>";
			versionGroupType = wrapper.xcdatamodel;
		};
/* End XCVersionGroup section */
	};
	rootObject = 2CC31B13195E6E39006A6707 /* Project object */;
}
